// !$*UTF8*$!
{
	archiveVersion = 1;
	classes = {
	};
	objectVersion = 51;
	objects = {

/* Begin PBXBuildFile section */
		D226E232E40D94E0B6B23FD4 /* Pods_ichat.framework in Frameworks */ = {isa = PBXBuildFile; fileRef = BEED46F6CAC767138263E349 /* Pods_ichat.framework */; };
		EC06789522ACB9600099118F /* AppDelegate.swift in Sources */ = {isa = PBXBuildFile; fileRef = EC06789422ACB9600099118F /* AppDelegate.swift */; };
		EC06789722ACB9600099118F /* ViewController.swift in Sources */ = {isa = PBXBuildFile; fileRef = EC06789622ACB9600099118F /* ViewController.swift */; };
		EC06789A22ACB9600099118F /* Main.storyboard in Resources */ = {isa = PBXBuildFile; fileRef = EC06789822ACB9600099118F /* Main.storyboard */; };
		EC06789C22ACB9620099118F /* Assets.xcassets in Resources */ = {isa = PBXBuildFile; fileRef = EC06789B22ACB9620099118F /* Assets.xcassets */; };
		EC06789F22ACB9620099118F /* LaunchScreen.storyboard in Resources */ = {isa = PBXBuildFile; fileRef = EC06789D22ACB9620099118F /* LaunchScreen.storyboard */; };
		EC469B8D23000FF6003A28D1 /* ProfileViewTableViewController.swift in Sources */ = {isa = PBXBuildFile; fileRef = EC469B8C23000FF6003A28D1 /* ProfileViewTableViewController.swift */; };
		EC477A7A22CC7A2800B1AF06 /* CollectionReference.swift in Sources */ = {isa = PBXBuildFile; fileRef = EC477A7922CC7A2800B1AF06 /* CollectionReference.swift */; };
		EC477A7C22D23CFC00B1AF06 /* SettingsTableViewController.swift in Sources */ = {isa = PBXBuildFile; fileRef = EC477A7B22D23CFC00B1AF06 /* SettingsTableViewController.swift */; };
		EC5C7A5322E754900070EF39 /* UserTableViewCell.swift in Sources */ = {isa = PBXBuildFile; fileRef = EC5C7A5222E754900070EF39 /* UserTableViewCell.swift */; };
		EC6977BC22C270450061CA05 /* GoogleService-Info.plist in Resources */ = {isa = PBXBuildFile; fileRef = EC6977BB22C270450061CA05 /* GoogleService-Info.plist */; };
		EC6977BE22C644EC0061CA05 /* FUser.swift in Sources */ = {isa = PBXBuildFile; fileRef = EC6977BD22C644EB0061CA05 /* FUser.swift */; };
		EC6977C022C646C80061CA05 /* Constants.swift in Sources */ = {isa = PBXBuildFile; fileRef = EC6977BF22C646C80061CA05 /* Constants.swift */; };
		EC6977C222C663FC0061CA05 /* FinishRegistrationViewController.swift in Sources */ = {isa = PBXBuildFile; fileRef = EC6977C122C663FC0061CA05 /* FinishRegistrationViewController.swift */; };
		EC6977C522C6648F0061CA05 /* HelperFunctions.swift in Sources */ = {isa = PBXBuildFile; fileRef = EC6977C422C6648F0061CA05 /* HelperFunctions.swift */; };
		ECA6DBDD22EDEAE3006E5A4D /* UsersTableViewController.swift in Sources */ = {isa = PBXBuildFile; fileRef = ECA6DBDC22EDEAE3006E5A4D /* UsersTableViewController.swift */; };
		ECA6DBDF22F5DF86006E5A4D /* ChatsViewController.swift in Sources */ = {isa = PBXBuildFile; fileRef = ECA6DBDE22F5DF86006E5A4D /* ChatsViewController.swift */; };
/* End PBXBuildFile section */

/* Begin PBXFileReference section */
		601F1BD855EB92980E225804 /* Pods-ichat.debug.xcconfig */ = {isa = PBXFileReference; includeInIndex = 1; lastKnownFileType = text.xcconfig; name = "Pods-ichat.debug.xcconfig"; path = "Target Support Files/Pods-ichat/Pods-ichat.debug.xcconfig"; sourceTree = "<group>"; };
		8B150645DDF11E870F107695 /* Pods-ichat.release.xcconfig */ = {isa = PBXFileReference; includeInIndex = 1; lastKnownFileType = text.xcconfig; name = "Pods-ichat.release.xcconfig"; path = "Target Support Files/Pods-ichat/Pods-ichat.release.xcconfig"; sourceTree = "<group>"; };
		BEED46F6CAC767138263E349 /* Pods_ichat.framework */ = {isa = PBXFileReference; explicitFileType = wrapper.framework; includeInIndex = 0; path = Pods_ichat.framework; sourceTree = BUILT_PRODUCTS_DIR; };
		EC06789122ACB9600099118F /* ichat.app */ = {isa = PBXFileReference; explicitFileType = wrapper.application; includeInIndex = 0; path = ichat.app; sourceTree = BUILT_PRODUCTS_DIR; };
		EC06789422ACB9600099118F /* AppDelegate.swift */ = {isa = PBXFileReference; lastKnownFileType = sourcecode.swift; path = AppDelegate.swift; sourceTree = "<group>"; };
		EC06789622ACB9600099118F /* ViewController.swift */ = {isa = PBXFileReference; lastKnownFileType = sourcecode.swift; path = ViewController.swift; sourceTree = "<group>"; };
		EC06789922ACB9600099118F /* Base */ = {isa = PBXFileReference; lastKnownFileType = file.storyboard; name = Base; path = Base.lproj/Main.storyboard; sourceTree = "<group>"; };
		EC06789B22ACB9620099118F /* Assets.xcassets */ = {isa = PBXFileReference; lastKnownFileType = folder.assetcatalog; path = Assets.xcassets; sourceTree = "<group>"; };
		EC06789E22ACB9620099118F /* Base */ = {isa = PBXFileReference; lastKnownFileType = file.storyboard; name = Base; path = Base.lproj/LaunchScreen.storyboard; sourceTree = "<group>"; };
		EC0678A022ACB9620099118F /* Info.plist */ = {isa = PBXFileReference; lastKnownFileType = text.plist.xml; path = Info.plist; sourceTree = "<group>"; };
		EC469B8C23000FF6003A28D1 /* ProfileViewTableViewController.swift */ = {isa = PBXFileReference; lastKnownFileType = sourcecode.swift; path = ProfileViewTableViewController.swift; sourceTree = "<group>"; };
		EC477A7922CC7A2800B1AF06 /* CollectionReference.swift */ = {isa = PBXFileReference; fileEncoding = 4; lastKnownFileType = sourcecode.swift; path = CollectionReference.swift; sourceTree = "<group>"; };
		EC477A7B22D23CFC00B1AF06 /* SettingsTableViewController.swift */ = {isa = PBXFileReference; lastKnownFileType = sourcecode.swift; path = SettingsTableViewController.swift; sourceTree = "<group>"; };
		EC5C7A5222E754900070EF39 /* UserTableViewCell.swift */ = {isa = PBXFileReference; lastKnownFileType = sourcecode.swift; path = UserTableViewCell.swift; sourceTree = "<group>"; };
		EC6977BB22C270450061CA05 /* GoogleService-Info.plist */ = {isa = PBXFileReference; fileEncoding = 4; lastKnownFileType = text.plist.xml; path = "GoogleService-Info.plist"; sourceTree = "<group>"; };
		EC6977BD22C644EB0061CA05 /* FUser.swift */ = {isa = PBXFileReference; fileEncoding = 4; lastKnownFileType = sourcecode.swift; path = FUser.swift; sourceTree = "<group>"; };
		EC6977BF22C646C80061CA05 /* Constants.swift */ = {isa = PBXFileReference; fileEncoding = 4; lastKnownFileType = sourcecode.swift; path = Constants.swift; sourceTree = "<group>"; };
		EC6977C122C663FC0061CA05 /* FinishRegistrationViewController.swift */ = {isa = PBXFileReference; lastKnownFileType = sourcecode.swift; path = FinishRegistrationViewController.swift; sourceTree = "<group>"; };
		EC6977C422C6648F0061CA05 /* HelperFunctions.swift */ = {isa = PBXFileReference; fileEncoding = 4; lastKnownFileType = sourcecode.swift; path = HelperFunctions.swift; sourceTree = "<group>"; };
		ECA6DBDC22EDEAE3006E5A4D /* UsersTableViewController.swift */ = {isa = PBXFileReference; lastKnownFileType = sourcecode.swift; path = UsersTableViewController.swift; sourceTree = "<group>"; };
		ECA6DBDE22F5DF86006E5A4D /* ChatsViewController.swift */ = {isa = PBXFileReference; lastKnownFileType = sourcecode.swift; path = ChatsViewController.swift; sourceTree = "<group>"; };
/* End PBXFileReference section */

/* Begin PBXFrameworksBuildPhase section */
		EC06788E22ACB9600099118F /* Frameworks */ = {
			isa = PBXFrameworksBuildPhase;
			buildActionMask = 2147483647;
			files = (
				D226E232E40D94E0B6B23FD4 /* Pods_ichat.framework in Frameworks */,
			);
			runOnlyForDeploymentPostprocessing = 0;
		};
/* End PBXFrameworksBuildPhase section */

/* Begin PBXGroup section */
		0077463DF6B08EB24D245F5C /* Frameworks */ = {
			isa = PBXGroup;
			children = (
				BEED46F6CAC767138263E349 /* Pods_ichat.framework */,
			);
			name = Frameworks;
			sourceTree = "<group>";
		};
		97BB0AEADCBF195830455EDF /* Pods */ = {
			isa = PBXGroup;
			children = (
				601F1BD855EB92980E225804 /* Pods-ichat.debug.xcconfig */,
				8B150645DDF11E870F107695 /* Pods-ichat.release.xcconfig */,
			);
			path = Pods;
			sourceTree = "<group>";
		};
		EC06788822ACB9600099118F = {
			isa = PBXGroup;
			children = (
				EC06789322ACB9600099118F /* ichat */,
				EC06789222ACB9600099118F /* Products */,
				97BB0AEADCBF195830455EDF /* Pods */,
				0077463DF6B08EB24D245F5C /* Frameworks */,
			);
			sourceTree = "<group>";
		};
		EC06789222ACB9600099118F /* Products */ = {
			isa = PBXGroup;
			children = (
				EC06789122ACB9600099118F /* ichat.app */,
			);
			name = Products;
			sourceTree = "<group>";
		};
		EC06789322ACB9600099118F /* ichat */ = {
			isa = PBXGroup;
			children = (
				EC06789422ACB9600099118F /* AppDelegate.swift */,
				EC6977BB22C270450061CA05 /* GoogleService-Info.plist */,
				ECA6DBDB22EDEA60006E5A4D /* CustomerCells */,
				EC6977C322C6647E0061CA05 /* Helpers */,
				EC6977C622C664CB0061CA05 /* Classes */,
				EC469B902300676C003A28D1 /* SecondViews */,
				EC469B8F23006739003A28D1 /* MainVIews */,
				EC469B8E230066FF003A28D1 /* WelcomeViews */,
				EC06789822ACB9600099118F /* Main.storyboard */,
				EC06789B22ACB9620099118F /* Assets.xcassets */,
				EC06789D22ACB9620099118F /* LaunchScreen.storyboard */,
				EC0678A022ACB9620099118F /* Info.plist */,
			);
			path = ichat;
			sourceTree = "<group>";
		};
		EC469B8E230066FF003A28D1 /* WelcomeViews */ = {
			isa = PBXGroup;
			children = (
				EC06789622ACB9600099118F /* ViewController.swift */,
				EC6977C122C663FC0061CA05 /* FinishRegistrationViewController.swift */,
			);
			path = WelcomeViews;
			sourceTree = "<group>";
		};
		EC469B8F23006739003A28D1 /* MainVIews */ = {
			isa = PBXGroup;
			children = (
				EC477A7B22D23CFC00B1AF06 /* SettingsTableViewController.swift */,
				ECA6DBDE22F5DF86006E5A4D /* ChatsViewController.swift */,
			);
			path = MainVIews;
			sourceTree = "<group>";
		};
		EC469B902300676C003A28D1 /* SecondViews */ = {
			isa = PBXGroup;
			children = (
				EC469B8C23000FF6003A28D1 /* ProfileViewTableViewController.swift */,
				ECA6DBDC22EDEAE3006E5A4D /* UsersTableViewController.swift */,
			);
			path = SecondViews;
			sourceTree = "<group>";
		};
		EC6977C322C6647E0061CA05 /* Helpers */ = {
			isa = PBXGroup;
			children = (
				EC477A7922CC7A2800B1AF06 /* CollectionReference.swift */,
				EC6977C422C6648F0061CA05 /* HelperFunctions.swift */,
				EC6977BF22C646C80061CA05 /* Constants.swift */,
			);
			path = Helpers;
			sourceTree = "<group>";
		};
		EC6977C622C664CB0061CA05 /* Classes */ = {
			isa = PBXGroup;
			children = (
				EC6977BD22C644EB0061CA05 /* FUser.swift */,
			);
			path = Classes;
			sourceTree = "<group>";
		};
		ECA6DBDB22EDEA60006E5A4D /* CustomerCells */ = {
			isa = PBXGroup;
			children = (
				EC5C7A5222E754900070EF39 /* UserTableViewCell.swift */,
			);
			path = CustomerCells;
			sourceTree = "<group>";
		};
/* End PBXGroup section */

/* Begin PBXNativeTarget section */
		EC06789022ACB9600099118F /* ichat */ = {
			isa = PBXNativeTarget;
			buildConfigurationList = EC0678A322ACB9620099118F /* Build configuration list for PBXNativeTarget "ichat" */;
			buildPhases = (
				8C8A104E5E1F85FC42D4999A /* [CP] Check Pods Manifest.lock */,
				EC06788D22ACB9600099118F /* Sources */,
				EC06788E22ACB9600099118F /* Frameworks */,
				EC06788F22ACB9600099118F /* Resources */,
				A0C15BE8754F3AC0947D3A42 /* [CP] Embed Pods Frameworks */,
			);
			buildRules = (
			);
			dependencies = (
			);
			name = ichat;
			productName = icaht;
			productReference = EC06789122ACB9600099118F /* ichat.app */;
			productType = "com.apple.product-type.application";
		};
/* End PBXNativeTarget section */

/* Begin PBXProject section */
		EC06788922ACB9600099118F /* Project object */ = {
			isa = PBXProject;
			attributes = {
				LastSwiftUpdateCheck = 1020;
				LastUpgradeCheck = 1020;
				ORGANIZATIONNAME = lighter;
				TargetAttributes = {
					EC06789022ACB9600099118F = {
						CreatedOnToolsVersion = 10.2.1;
					};
				};
			};
			buildConfigurationList = EC06788C22ACB9600099118F /* Build configuration list for PBXProject "ichat" */;
			compatibilityVersion = "Xcode 9.3";
			developmentRegion = en;
			hasScannedForEncodings = 0;
			knownRegions = (
				en,
				Base,
			);
			mainGroup = EC06788822ACB9600099118F;
			productRefGroup = EC06789222ACB9600099118F /* Products */;
			projectDirPath = "";
			projectRoot = "";
			targets = (
				EC06789022ACB9600099118F /* ichat */,
			);
		};
/* End PBXProject section */

/* Begin PBXResourcesBuildPhase section */
		EC06788F22ACB9600099118F /* Resources */ = {
			isa = PBXResourcesBuildPhase;
			buildActionMask = 2147483647;
			files = (
				EC06789F22ACB9620099118F /* LaunchScreen.storyboard in Resources */,
				EC6977BC22C270450061CA05 /* GoogleService-Info.plist in Resources */,
				EC06789C22ACB9620099118F /* Assets.xcassets in Resources */,
				EC06789A22ACB9600099118F /* Main.storyboard in Resources */,
			);
			runOnlyForDeploymentPostprocessing = 0;
		};
/* End PBXResourcesBuildPhase section */

/* Begin PBXShellScriptBuildPhase section */
		8C8A104E5E1F85FC42D4999A /* [CP] Check Pods Manifest.lock */ = {
			isa = PBXShellScriptBuildPhase;
			buildActionMask = 2147483647;
			files = (
			);
			inputFileListPaths = (
			);
			inputPaths = (
				"${PODS_PODFILE_DIR_PATH}/Podfile.lock",
				"${PODS_ROOT}/Manifest.lock",
			);
			name = "[CP] Check Pods Manifest.lock";
			outputFileListPaths = (
			);
			outputPaths = (
				"$(DERIVED_FILE_DIR)/Pods-ichat-checkManifestLockResult.txt",
			);
			runOnlyForDeploymentPostprocessing = 0;
			shellPath = /bin/sh;
			shellScript = "diff \"${PODS_PODFILE_DIR_PATH}/Podfile.lock\" \"${PODS_ROOT}/Manifest.lock\" > /dev/null\nif [ $? != 0 ] ; then\n    # print error to STDERR\n    echo \"error: The sandbox is not in sync with the Podfile.lock. Run 'pod install' or update your CocoaPods installation.\" >&2\n    exit 1\nfi\n# This output is used by Xcode 'outputs' to avoid re-running this script phase.\necho \"SUCCESS\" > \"${SCRIPT_OUTPUT_FILE_0}\"\n";
			showEnvVarsInLog = 0;
		};
		A0C15BE8754F3AC0947D3A42 /* [CP] Embed Pods Frameworks */ = {
			isa = PBXShellScriptBuildPhase;
			buildActionMask = 2147483647;
			files = (
			);
			inputFileListPaths = (
				"${PODS_ROOT}/Target Support Files/Pods-ichat/Pods-ichat-frameworks-${CONFIGURATION}-input-files.xcfilelist",
			);
			name = "[CP] Embed Pods Frameworks";
			outputFileListPaths = (
				"${PODS_ROOT}/Target Support Files/Pods-ichat/Pods-ichat-frameworks-${CONFIGURATION}-output-files.xcfilelist",
			);
			runOnlyForDeploymentPostprocessing = 0;
			shellPath = /bin/sh;
			shellScript = "\"${PODS_ROOT}/Target Support Files/Pods-ichat/Pods-ichat-frameworks.sh\"\n";
			showEnvVarsInLog = 0;
		};
/* End PBXShellScriptBuildPhase section */

/* Begin PBXSourcesBuildPhase section */
		EC06788D22ACB9600099118F /* Sources */ = {
			isa = PBXSourcesBuildPhase;
			buildActionMask = 2147483647;
			files = (
				EC477A7A22CC7A2800B1AF06 /* CollectionReference.swift in Sources */,
				EC5C7A5322E754900070EF39 /* UserTableViewCell.swift in Sources */,
				EC469B8D23000FF6003A28D1 /* ProfileViewTableViewController.swift in Sources */,
				EC6977C222C663FC0061CA05 /* FinishRegistrationViewController.swift in Sources */,
				EC6977BE22C644EC0061CA05 /* FUser.swift in Sources */,
				EC06789722ACB9600099118F /* ViewController.swift in Sources */,
				EC477A7C22D23CFC00B1AF06 /* SettingsTableViewController.swift in Sources */,
				ECA6DBDF22F5DF86006E5A4D /* ChatsViewController.swift in Sources */,
				EC06789522ACB9600099118F /* AppDelegate.swift in Sources */,
				EC6977C022C646C80061CA05 /* Constants.swift in Sources */,
				ECA6DBDD22EDEAE3006E5A4D /* UsersTableViewController.swift in Sources */,
				EC6977C522C6648F0061CA05 /* HelperFunctions.swift in Sources */,
			);
			runOnlyForDeploymentPostprocessing = 0;
		};
/* End PBXSourcesBuildPhase section */

/* Begin PBXVariantGroup section */
		EC06789822ACB9600099118F /* Main.storyboard */ = {
			isa = PBXVariantGroup;
			children = (
				EC06789922ACB9600099118F /* Base */,
			);
			name = Main.storyboard;
			sourceTree = "<group>";
		};
		EC06789D22ACB9620099118F /* LaunchScreen.storyboard */ = {
			isa = PBXVariantGroup;
			children = (
				EC06789E22ACB9620099118F /* Base */,
			);
			name = LaunchScreen.storyboard;
			sourceTree = "<group>";
		};
/* End PBXVariantGroup section */

/* Begin XCBuildConfiguration section */
		EC0678A122ACB9620099118F /* Debug */ = {
			isa = XCBuildConfiguration;
			buildSettings = {
				ALWAYS_SEARCH_USER_PATHS = NO;
				CLANG_ANALYZER_NONNULL = YES;
				CLANG_ANALYZER_NUMBER_OBJECT_CONVERSION = YES_AGGRESSIVE;
				CLANG_CXX_LANGUAGE_STANDARD = "gnu++14";
				CLANG_CXX_LIBRARY = "libc++";
				CLANG_ENABLE_MODULES = YES;
				CLANG_ENABLE_OBJC_ARC = YES;
				CLANG_ENABLE_OBJC_WEAK = YES;
				CLANG_WARN_BLOCK_CAPTURE_AUTORELEASING = YES;
				CLANG_WARN_BOOL_CONVERSION = YES;
				CLANG_WARN_COMMA = YES;
				CLANG_WARN_CONSTANT_CONVERSION = YES;
				CLANG_WARN_DEPRECATED_OBJC_IMPLEMENTATIONS = YES;
				CLANG_WARN_DIRECT_OBJC_ISA_USAGE = YES_ERROR;
				CLANG_WARN_DOCUMENTATION_COMMENTS = YES;
				CLANG_WARN_EMPTY_BODY = YES;
				CLANG_WARN_ENUM_CONVERSION = YES;
				CLANG_WARN_INFINITE_RECURSION = YES;
				CLANG_WARN_INT_CONVERSION = YES;
				CLANG_WARN_NON_LITERAL_NULL_CONVERSION = YES;
				CLANG_WARN_OBJC_IMPLICIT_RETAIN_SELF = YES;
				CLANG_WARN_OBJC_LITERAL_CONVERSION = YES;
				CLANG_WARN_OBJC_ROOT_CLASS = YES_ERROR;
				CLANG_WARN_RANGE_LOOP_ANALYSIS = YES;
				CLANG_WARN_STRICT_PROTOTYPES = YES;
				CLANG_WARN_SUSPICIOUS_MOVE = YES;
				CLANG_WARN_UNGUARDED_AVAILABILITY = YES_AGGRESSIVE;
				CLANG_WARN_UNREACHABLE_CODE = YES;
				CLANG_WARN__DUPLICATE_METHOD_MATCH = YES;
				CODE_SIGN_IDENTITY = "iPhone Developer";
				COPY_PHASE_STRIP = NO;
				DEBUG_INFORMATION_FORMAT = dwarf;
				ENABLE_STRICT_OBJC_MSGSEND = YES;
				ENABLE_TESTABILITY = YES;
				GCC_C_LANGUAGE_STANDARD = gnu11;
				GCC_DYNAMIC_NO_PIC = NO;
				GCC_NO_COMMON_BLOCKS = YES;
				GCC_OPTIMIZATION_LEVEL = 0;
				GCC_PREPROCESSOR_DEFINITIONS = (
					"DEBUG=1",
					"$(inherited)",
				);
				GCC_WARN_64_TO_32_BIT_CONVERSION = YES;
				GCC_WARN_ABOUT_RETURN_TYPE = YES_ERROR;
				GCC_WARN_UNDECLARED_SELECTOR = YES;
				GCC_WARN_UNINITIALIZED_AUTOS = YES_AGGRESSIVE;
				GCC_WARN_UNUSED_FUNCTION = YES;
				GCC_WARN_UNUSED_VARIABLE = YES;
				IPHONEOS_DEPLOYMENT_TARGET = 12.0;
				MTL_ENABLE_DEBUG_INFO = INCLUDE_SOURCE;
				MTL_FAST_MATH = YES;
				ONLY_ACTIVE_ARCH = YES;
				SDKROOT = iphoneos;
				SWIFT_ACTIVE_COMPILATION_CONDITIONS = DEBUG;
				SWIFT_OPTIMIZATION_LEVEL = "-Onone";
			};
			name = Debug;
		};
		EC0678A222ACB9620099118F /* Release */ = {
			isa = XCBuildConfiguration;
			buildSettings = {
				ALWAYS_SEARCH_USER_PATHS = NO;
				CLANG_ANALYZER_NONNULL = YES;
				CLANG_ANALYZER_NUMBER_OBJECT_CONVERSION = YES_AGGRESSIVE;
				CLANG_CXX_LANGUAGE_STANDARD = "gnu++14";
				CLANG_CXX_LIBRARY = "libc++";
				CLANG_ENABLE_MODULES = YES;
				CLANG_ENABLE_OBJC_ARC = YES;
				CLANG_ENABLE_OBJC_WEAK = YES;
				CLANG_WARN_BLOCK_CAPTURE_AUTORELEASING = YES;
				CLANG_WARN_BOOL_CONVERSION = YES;
				CLANG_WARN_COMMA = YES;
				CLANG_WARN_CONSTANT_CONVERSION = YES;
				CLANG_WARN_DEPRECATED_OBJC_IMPLEMENTATIONS = YES;
				CLANG_WARN_DIRECT_OBJC_ISA_USAGE = YES_ERROR;
				CLANG_WARN_DOCUMENTATION_COMMENTS = YES;
				CLANG_WARN_EMPTY_BODY = YES;
				CLANG_WARN_ENUM_CONVERSION = YES;
				CLANG_WARN_INFINITE_RECURSION = YES;
				CLANG_WARN_INT_CONVERSION = YES;
				CLANG_WARN_NON_LITERAL_NULL_CONVERSION = YES;
				CLANG_WARN_OBJC_IMPLICIT_RETAIN_SELF = YES;
				CLANG_WARN_OBJC_LITERAL_CONVERSION = YES;
				CLANG_WARN_OBJC_ROOT_CLASS = YES_ERROR;
				CLANG_WARN_RANGE_LOOP_ANALYSIS = YES;
				CLANG_WARN_STRICT_PROTOTYPES = YES;
				CLANG_WARN_SUSPICIOUS_MOVE = YES;
				CLANG_WARN_UNGUARDED_AVAILABILITY = YES_AGGRESSIVE;
				CLANG_WARN_UNREACHABLE_CODE = YES;
				CLANG_WARN__DUPLICATE_METHOD_MATCH = YES;
				CODE_SIGN_IDENTITY = "iPhone Developer";
				COPY_PHASE_STRIP = NO;
				DEBUG_INFORMATION_FORMAT = "dwarf-with-dsym";
				ENABLE_NS_ASSERTIONS = NO;
				ENABLE_STRICT_OBJC_MSGSEND = YES;
				GCC_C_LANGUAGE_STANDARD = gnu11;
				GCC_NO_COMMON_BLOCKS = YES;
				GCC_WARN_64_TO_32_BIT_CONVERSION = YES;
				GCC_WARN_ABOUT_RETURN_TYPE = YES_ERROR;
				GCC_WARN_UNDECLARED_SELECTOR = YES;
				GCC_WARN_UNINITIALIZED_AUTOS = YES_AGGRESSIVE;
				GCC_WARN_UNUSED_FUNCTION = YES;
				GCC_WARN_UNUSED_VARIABLE = YES;
				IPHONEOS_DEPLOYMENT_TARGET = 12.0;
				MTL_ENABLE_DEBUG_INFO = NO;
				MTL_FAST_MATH = YES;
				SDKROOT = iphoneos;
				SWIFT_COMPILATION_MODE = wholemodule;
				SWIFT_OPTIMIZATION_LEVEL = "-O";
				VALIDATE_PRODUCT = YES;
			};
			name = Release;
		};
		EC0678A422ACB9620099118F /* Debug */ = {
			isa = XCBuildConfiguration;
			baseConfigurationReference = 601F1BD855EB92980E225804 /* Pods-ichat.debug.xcconfig */;
			buildSettings = {
				ASSETCATALOG_COMPILER_APPICON_NAME = AppIcon;
				CODE_SIGN_STYLE = Automatic;
				DEVELOPMENT_TEAM = 6KA2T9U3G8;
				ENABLE_BITCODE = YES;
				INFOPLIST_FILE = ichat/Info.plist;
				LD_RUNPATH_SEARCH_PATHS = (
					"$(inherited)",
					"@executable_path/Frameworks",
				);
				PRODUCT_BUNDLE_IDENTIFIER = com.lighter.ichat;
				PRODUCT_NAME = "$(TARGET_NAME)";
				SWIFT_VERSION = 5.0;
				TARGETED_DEVICE_FAMILY = "1,2";
			};
			name = Debug;
		};
		EC0678A522ACB9620099118F /* Release */ = {
			isa = XCBuildConfiguration;
			baseConfigurationReference = 8B150645DDF11E870F107695 /* Pods-ichat.release.xcconfig */;
			buildSettings = {
				ASSETCATALOG_COMPILER_APPICON_NAME = AppIcon;
				CODE_SIGN_STYLE = Automatic;
				DEVELOPMENT_TEAM = 6KA2T9U3G8;
				ENABLE_BITCODE = YES;
				INFOPLIST_FILE = ichat/Info.plist;
				LD_RUNPATH_SEARCH_PATHS = (
					"$(inherited)",
					"@executable_path/Frameworks",
				);
				PRODUCT_BUNDLE_IDENTIFIER = com.lighter.ichat;
				PRODUCT_NAME = "$(TARGET_NAME)";
				SWIFT_VERSION = 5.0;
				TARGETED_DEVICE_FAMILY = "1,2";
			};
			name = Release;
		};
/* End XCBuildConfiguration section */

/* Begin XCConfigurationList section */
		EC06788C22ACB9600099118F /* Build configuration list for PBXProject "ichat" */ = {
			isa = XCConfigurationList;
			buildConfigurations = (
				EC0678A122ACB9620099118F /* Debug */,
				EC0678A222ACB9620099118F /* Release */,
			);
			defaultConfigurationIsVisible = 0;
			defaultConfigurationName = Release;
		};
		EC0678A322ACB9620099118F /* Build configuration list for PBXNativeTarget "ichat" */ = {
			isa = XCConfigurationList;
			buildConfigurations = (
				EC0678A422ACB9620099118F /* Debug */,
				EC0678A522ACB9620099118F /* Release */,
			);
			defaultConfigurationIsVisible = 0;
			defaultConfigurationName = Release;
		};
/* End XCConfigurationList section */
	};
	rootObject = EC06788922ACB9600099118F /* Project object */;
}
